{
  "nodes": {
    "home-manager": {
      "inputs": {
        "nixpkgs": [
          "nixpkgs"
        ]
      },
      "locked": {
        "lastModified": 1790773167,
        "narHash": "sha256-FFVXr+ZhXM7TX/mCDefBHeW1obGLYerLIT6cFw5/sEA=",
        "owner": "nix-community",
        "repo": "home-manager",
        "rev": "7d46509d83e9737cbb4786183df09bb29e23745c",
        "type": "github"
      },
      "original": {
        "owner": "nix-community",
        "repo": "home-manager",
        "type": "github"
      }
    },
    "nixpkgs": {
      "locked": {
        "lastModified": 1790689126,
        "narHash": "sha256-ilerN1WLSvF+HMjziC/Wv99J5y02maDH+6hZPwsORKg=",
        "owner": "NixOS",
        "repo": "nixpkgs",
        "rev": "b4fd65b198c599cbe814fcb9f42d25d021595ec9",
        "type": "github"
      },
      "original": {
        "owner": "NixOS",
        "ref": "nixos-unstable",
        "repo": "nixpkgs",
        "type": "github"
      }
    },
    "nvim-config": {
      "flake": false,
      "locked": {
        "lastModified": 1790187092,
        "narHash": "sha256-ba+iS0mM4taTfMVT11kNvq5pYQXaDKVU+nCW6Txu2OQ=",
        "owner": "reilandeubank",
        "repo": "nvim-config",
        "rev": "2c42c7af3af9312d6fa4b2355fb7ea2789abfc21",
        "type": "github"
      },
      "original": {
        "owner": "reilandeubank",
        "repo": "nvim-config",
        "type": "github"
      }
    },
    "root": {
      "inputs": {
        "home-manager": "home-manager",
        "nixpkgs": "nixpkgs",
        "nvim-config": "nvim-config"
      }
    }
  },
  "root": "root",
  "version": 7
}
